github.com/cryptosuite/kyber-go v0.0.2-beta h1:dC77sRR2EgjWVDIfRuKI5ZhYUNUAQiHEOFX4qnK5bws=
github.com/cryptosuite/kyber-go v0.0.2-beta/go.mod h1:1G0Jh7bXJGSUCTrC6ZB9lFpmCF+VFQehDqIwm9dJU3s=
github.com/cryptosuite/liboqs-go v0.9.5-alpha h1:mmCyD1gZRnm6sD214ylg0h17I37BmY8wDDbcvpW4fDc=
github.com/cryptosuite/liboqs-go v0.9.5-alpha/go.mod h1:LzuvuQAJHbED51lHoYr91rBbKRdv2MewGcVCwjE1JCk=
github.com/edsrzf/mmap-go v1.2.0 h1:hXLYlkbaPzt1SaQk+anYwKSRNhufIDCchSPkUD6dD84=
github.com/edsrzf/mmap-go v1.2.0/go.mod h1:19H/e8pUPLicwkyNgOykDXkJ9F0MHE+Z52B8EIth78Q=
github.com/google/go-cmp v0.5.5 h1:Khx7svrCpmxxtHBq5j2mp/xVjsi8hQMfNLvJFAlrGgU=
github.com/google/go-cmp v0.5.5/go.mod h1:v8dTdLbMG2kIc/vJvl+f65V22dbkXbowE6jgT/gNBxE=
github.com/hashicorp/golang-lru v1.0.2 h1:dV3g9Z/unq5DpblPpw+Oqcv4dU/1omnb4Ok8iPY6p1c=
github.com/hashicorp/golang-lru v1.0.2/go.mod h1:iADmTwqILo4mZ8BN3D2Q6+9jd8WM5uGBxy+E8yxSoD4=
github.com/jrick/logrotate v1.0.0 h1:lQ1bL/n9mBNeIXoTUoYRlK4dHuNJVofX9oWqBtPnSzI=
github.com/jrick/logrotate v1.0.0/go.mod h1:LNinyqDIJnpAur+b8yyulnQw/wDuN1+BYKlTRt3OuAQ=
github.com/pqabelian/abec v1.0.1-0.20240914150420-bdd2c1c1808c h1:aHzAQzSriVuaGx1R7PmqBTKDLbiM4sZReYOqzMRehN4=
github.com/pqabelian/abec v1.0.1-0.20240914150420-bdd2c1c1808c/go.mod h1:6I2vtQAxlWJu8+d5aq/poFPEOLLih68+q5wzgV5Sb2M=
github.com/pqabelian/abelian-sdk-go-v2 v0.0.0-20241221073426-98835d5c763f h1:jCpxk9fZBEbkzoiGqFXx7HVkeiaQ9OWThBzYJ2pHnpo=
github.com/pqabelian/abelian-sdk-go-v2 v0.0.0-20241221073426-98835d5c763f/go.mod h1:ne/mYpGLg5LSKSZ4lwcgPkxgP4i7wfO1I1ZkmDKiYss=
github.com/pqabelian/abeutil v0.0.0-20231107022913-d6d3bf295938 h1:zONjJzpgNvAqNFzFQjL6nhSaclegMdFLFLMwrImwxNM=
github.com/pqabelian/abeutil v0.0.0-20231107022913-d6d3bf295938/go.mod h1:kZhOujT1b8QyruSMsG1gAlFmoWBU4lqsbC5j9+FrKxQ=
github.com/pqabelian/pqringct v0.0.0-20240724124001-42a8952f4b48 h1:jHx23OC26YiJDn1yABiNi2uiIe4UDj7r9sIL9FSlUwM=
github.com/pqabelian/pqringct v0.0.0-20240724124001-42a8952f4b48/go.mod h1:+WellsF92RFs+FVXEOAfKxFOrB/eV2PRDi/tVh68MzQ=
github.com/pqabelian/pqringctx v0.0.0-20240724125306-0783f8ceef6b h1:b1eX93j7+0LtrWe7+0YeSDK5LVZ9/OhUI1AVEJFNMlo=
github.com/pqabelian/pqringctx v0.0.0-20240724125306-0783f8ceef6b/go.mod h1:7eA2mzIIbxe69ewB6sBfLrSXAU8bEqw5CzLqvIcF2Vc=
golang.org/x/crypto v0.0.0-20190308221718-c2843e01d9a2/go.mod h1:djNgcEr1/C05ACkg1iLfiJU5Ep61QUkGW8qpdssI0+w=
golang.org/x/crypto v0.0.0-20200622213623-75b288015ac9/go.mod h1:LzIPMQfyMNhhGPhUkYOs5KpL4U8rLKemX1yGLhDgUto=
golang.org/x/crypto v0.31.0 h1:ihbySMvVjLAeSH1IbfcRTkD/iNscyz8rGzjF/E5hV6U=
golang.org/x/crypto v0.31.0/go.mod h1:kDsLvtWBEx7MV9tJOj9bnXsPbxwJQ6csT/x4KIN4Ssk=
golang.org/x/net v0.0.0-20190404232315-eb5bcb51f2a3/go.mod h1:t9HGtf8HONx5eT2rtn7q6eTqICYqUVnKs3thJo3Qplg=
golang.org/x/sys v0.0.0-20190215142949-d0b11bdaac8a/go.mod h1:STP8DvDyc/dI5b8T5hshtkjS+E42TnysNCUPdjciGhY=
golang.org/x/sys v0.0.0-20190412213103-97732733099d/go.mod h1:h1NjWce9XRLGQEsW7wpKNCjG9DtNlClVuFLEZdDNbEs=
golang.org/x/sys v0.28.0 h1:Fksou7UEQUWlKvIdsqzJmUmCX3cZuD2+P3XyyzwMhlA=
golang.org/x/sys v0.28.0/go.mod h1:/VUhepiaJMQUp4+oa/7Zr1D23ma6VTLIYjOOTFZPUcA=
golang.org/x/text v0.3.0/go.mod h1:NqM8EUOU14njkJ3fqMW+pc6Ldnwhi/IjpwHt7yyuwOQ=
golang.org/x/xerrors v0.0.0-20191204190536-9bdfabe68543 h1:E7g+9GITq07hpfrRu66IVDexMakfv52eLZ2CXBWiKr4=
golang.org/x/xerrors v0.0.0-20191204190536-9bdfabe68543/go.mod h1:I/5z698sn9Ka8TeJc9MKroUUfqBBauWjQqLJ2OPfmY0=
google.golang.org/protobuf v1.36.0 h1:mjIs9gYtt56AzC4ZaffQuh88TZurBGhIJMBZGSxNerQ=
google.golang.org/protobuf v1.36.0/go.mod h1:9fA7Ob0pmnwhb644+1+CVWFRbNajQ6iRojtC/QF5bRE=
